
Microsoft Visual Studio Solution File, Format Version 12.00
# Visual Studio Version 17
VisualStudioVersion = 17.5.002.0
MinimumVisualStudioVersion = 10.0.40219.1
Project("{9A19103F-16F7-4668-BE54-9A1E7A4F7556}") = "Atividade", "Atividade\Atividade.csproj", "{3269AD0C-AB84-425E-841A-1A9220B9491E}"
EndProject
Global
	GlobalSection(SolutionConfigurationPlatforms) = preSolution
		Debug|Any CPU = Debug|Any CPU
		Release|Any CPU = Release|Any CPU
	EndGlobalSection
	GlobalSection(ProjectConfigurationPlatforms) = postSolution
		{3269AD0C-AB84-425E-841A-1A9220B9491E}.Debug|Any CPU.ActiveCfg = Debug|Any CPU
		{3269AD0C-AB84-425E-841A-1A9220B9491E}.Debug|Any CPU.Build.0 = Debug|Any CPU
		{3269AD0C-AB84-425E-841A-1A9220B9491E}.Release|Any CPU.ActiveCfg = Release|Any CPU
		{3269AD0C-AB84-425E-841A-1A9220B9491E}.Release|Any CPU.Build.0 = Release|Any CPU
	EndGlobalSection
	GlobalSection(SolutionProperties) = preSolution
		HideSolutionNode = FALSE
	EndGlobalSection
	GlobalSection(ExtensibilityGlobals) = postSolution
		SolutionGuid = {2B5AD57C-CD2C-4B86-BB57-74D558AF6EBD}
	EndGlobalSection
EndGlobal
